
Microsoft Visual Studio Solution File, Format Version 12.00
# Visual Studio Version 16
VisualStudioVersion = 16.0.31702.278
MinimumVisualStudioVersion = 10.0.40219.1
Project("{FAE04EC0-301F-11D3-BF4B-00C04F79EFBC}") = "week06_i39mo9", "week06_i39mo9\week06_i39mo9.csproj", "{F721326B-D19A-40B6-9594-068F8AB2B408}"
EndProject
Global
	GlobalSection(SolutionConfigurationPlatforms) = preSolution
		Debug|Any CPU = Debug|Any CPU
		Release|Any CPU = Release|Any CPU
	EndGlobalSection
	GlobalSection(ProjectConfigurationPlatforms) = postSolution
		{F721326B-D19A-40B6-9594-068F8AB2B408}.Debug|Any CPU.ActiveCfg = Debug|Any CPU
		{F721326B-D19A-40B6-9594-068F8AB2B408}.Debug|Any CPU.Build.0 = Debug|Any CPU
		{F721326B-D19A-40B6-9594-068F8AB2B408}.Release|Any CPU.ActiveCfg = Release|Any CPU
		{F721326B-D19A-40B6-9594-068F8AB2B408}.Release|Any CPU.Build.0 = Release|Any CPU
	EndGlobalSection
	GlobalSection(SolutionProperties) = preSolution
		HideSolutionNode = FALSE
	EndGlobalSection
	GlobalSection(ExtensibilityGlobals) = postSolution
		SolutionGuid = {BB5C028E-ED24-402B-A0EF-584EB002571B}
	EndGlobalSection
EndGlobal
