
Microsoft Visual Studio Solution File, Format Version 12.00
# Visual Studio Version 16
VisualStudioVersion = 16.0.31702.278
MinimumVisualStudioVersion = 10.0.40219.1
Project("{FAE04EC0-301F-11D3-BF4B-00C04F79EFBC}") = "week05_i39mo9", "week05_i39mo9\week05_i39mo9.csproj", "{3E7E06A1-7674-41DF-A1EE-381006F82FF5}"
EndProject
Global
	GlobalSection(SolutionConfigurationPlatforms) = preSolution
		Debug|Any CPU = Debug|Any CPU
		Release|Any CPU = Release|Any CPU
	EndGlobalSection
	GlobalSection(ProjectConfigurationPlatforms) = postSolution
		{3E7E06A1-7674-41DF-A1EE-381006F82FF5}.Debug|Any CPU.ActiveCfg = Debug|Any CPU
		{3E7E06A1-7674-41DF-A1EE-381006F82FF5}.Debug|Any CPU.Build.0 = Debug|Any CPU
		{3E7E06A1-7674-41DF-A1EE-381006F82FF5}.Release|Any CPU.ActiveCfg = Release|Any CPU
		{3E7E06A1-7674-41DF-A1EE-381006F82FF5}.Release|Any CPU.Build.0 = Release|Any CPU
	EndGlobalSection
	GlobalSection(SolutionProperties) = preSolution
		HideSolutionNode = FALSE
	EndGlobalSection
	GlobalSection(ExtensibilityGlobals) = postSolution
		SolutionGuid = {80C95251-7D05-40D9-AAA1-1B7812C52937}
	EndGlobalSection
EndGlobal
